
Microsoft Visual Studio Solution File, Format Version 12.00
# Visual Studio Version 16
VisualStudioVersion = 16.0.31112.23
MinimumVisualStudioVersion = 10.0.40219.1
Project("{9A19103F-16F7-4668-BE54-9A1E7A4F7556}") = "StudentSystem", "StudentSystem\StudentSystem.csproj", "{B90C66A7-F8E9-4D34-9DD8-F897CCD17DCC}"
EndProject
Project("{FAE04EC0-301F-11D3-BF4B-00C04F79EFBC}") = "SocialNetwork", "SocialNetwork\SocialNetwork.csproj", "{291BAE37-7424-49F3-B43A-760A0CB1B666}"
EndProject
Project("{FAE04EC0-301F-11D3-BF4B-00C04F79EFBC}") = "FootballBetting", "FootballBetting\FootballBetting.csproj", "{EE1C6982-2E06-472B-9575-E97277BDF53E}"
EndProject
Global
	GlobalSection(SolutionConfigurationPlatforms) = preSolution
		Debug|Any CPU = Debug|Any CPU
		Release|Any CPU = Release|Any CPU
	EndGlobalSection
	GlobalSection(ProjectConfigurationPlatforms) = postSolution
		{B90C66A7-F8E9-4D34-9DD8-F897CCD17DCC}.Debug|Any CPU.ActiveCfg = Debug|Any CPU
		{B90C66A7-F8E9-4D34-9DD8-F897CCD17DCC}.Debug|Any CPU.Build.0 = Debug|Any CPU
		{B90C66A7-F8E9-4D34-9DD8-F897CCD17DCC}.Release|Any CPU.ActiveCfg = Release|Any CPU
		{B90C66A7-F8E9-4D34-9DD8-F897CCD17DCC}.Release|Any CPU.Build.0 = Release|Any CPU
		{291BAE37-7424-49F3-B43A-760A0CB1B666}.Debug|Any CPU.ActiveCfg = Debug|Any CPU
		{291BAE37-7424-49F3-B43A-760A0CB1B666}.Debug|Any CPU.Build.0 = Debug|Any CPU
		{291BAE37-7424-49F3-B43A-760A0CB1B666}.Release|Any CPU.ActiveCfg = Release|Any CPU
		{291BAE37-7424-49F3-B43A-760A0CB1B666}.Release|Any CPU.Build.0 = Release|Any CPU
		{EE1C6982-2E06-472B-9575-E97277BDF53E}.Debug|Any CPU.ActiveCfg = Debug|Any CPU
		{EE1C6982-2E06-472B-9575-E97277BDF53E}.Debug|Any CPU.Build.0 = Debug|Any CPU
		{EE1C6982-2E06-472B-9575-E97277BDF53E}.Release|Any CPU.ActiveCfg = Release|Any CPU
		{EE1C6982-2E06-472B-9575-E97277BDF53E}.Release|Any CPU.Build.0 = Release|Any CPU
	EndGlobalSection
	GlobalSection(SolutionProperties) = preSolution
		HideSolutionNode = FALSE
	EndGlobalSection
	GlobalSection(ExtensibilityGlobals) = postSolution
		SolutionGuid = {7BC34DB1-56D0-405A-A689-4F3386AB7998}
	EndGlobalSection
EndGlobal
