
Microsoft Visual Studio Solution File, Format Version 12.00
# Visual Studio Version 16
VisualStudioVersion = 16.0.31424.327
MinimumVisualStudioVersion = 10.0.40219.1
Project("{9A19103F-16F7-4668-BE54-9A1E7A4F7556}") = "LearningSystem.Data", "LearningSystem.Data\LearningSystem.Data.csproj", "{78BD7F42-BED0-457C-AD17-415189F24551}"
EndProject
Project("{9A19103F-16F7-4668-BE54-9A1E7A4F7556}") = "LearningSystem.Web", "LearningSystem.Web\LearningSystem.Web.csproj", "{B834E889-5E87-4C04-AD68-3C13A7211892}"
EndProject
Project("{9A19103F-16F7-4668-BE54-9A1E7A4F7556}") = "LearningSystem.Services", "LearningSystem.Services\LearningSystem.Services.csproj", "{810871D6-49AF-47DD-95B3-D9806A43E62A}"
EndProject
Project("{FAE04EC0-301F-11D3-BF4B-00C04F79EFBC}") = "LearningSystem.Infrastructure", "LearningSystem.Infrastructure\LearningSystem.Infrastructure.csproj", "{D8E7AE42-D3C4-404C-8DB1-7BF1E420D377}"
EndProject
Project("{FAE04EC0-301F-11D3-BF4B-00C04F79EFBC}") = "LearningSystem.Common", "LearningSystem.Common\LearningSystem.Common.csproj", "{EE32F73E-4906-4D77-98F8-FAE541611519}"
EndProject
Global
	GlobalSection(SolutionConfigurationPlatforms) = preSolution
		Debug|Any CPU = Debug|Any CPU
		Release|Any CPU = Release|Any CPU
	EndGlobalSection
	GlobalSection(ProjectConfigurationPlatforms) = postSolution
		{78BD7F42-BED0-457C-AD17-415189F24551}.Debug|Any CPU.ActiveCfg = Debug|Any CPU
		{78BD7F42-BED0-457C-AD17-415189F24551}.Debug|Any CPU.Build.0 = Debug|Any CPU
		{78BD7F42-BED0-457C-AD17-415189F24551}.Release|Any CPU.ActiveCfg = Release|Any CPU
		{78BD7F42-BED0-457C-AD17-415189F24551}.Release|Any CPU.Build.0 = Release|Any CPU
		{B834E889-5E87-4C04-AD68-3C13A7211892}.Debug|Any CPU.ActiveCfg = Debug|Any CPU
		{B834E889-5E87-4C04-AD68-3C13A7211892}.Debug|Any CPU.Build.0 = Debug|Any CPU
		{B834E889-5E87-4C04-AD68-3C13A7211892}.Release|Any CPU.ActiveCfg = Release|Any CPU
		{B834E889-5E87-4C04-AD68-3C13A7211892}.Release|Any CPU.Build.0 = Release|Any CPU
		{810871D6-49AF-47DD-95B3-D9806A43E62A}.Debug|Any CPU.ActiveCfg = Debug|Any CPU
		{810871D6-49AF-47DD-95B3-D9806A43E62A}.Debug|Any CPU.Build.0 = Debug|Any CPU
		{810871D6-49AF-47DD-95B3-D9806A43E62A}.Release|Any CPU.ActiveCfg = Release|Any CPU
		{810871D6-49AF-47DD-95B3-D9806A43E62A}.Release|Any CPU.Build.0 = Release|Any CPU
		{D8E7AE42-D3C4-404C-8DB1-7BF1E420D377}.Debug|Any CPU.ActiveCfg = Debug|Any CPU
		{D8E7AE42-D3C4-404C-8DB1-7BF1E420D377}.Debug|Any CPU.Build.0 = Debug|Any CPU
		{D8E7AE42-D3C4-404C-8DB1-7BF1E420D377}.Release|Any CPU.ActiveCfg = Release|Any CPU
		{D8E7AE42-D3C4-404C-8DB1-7BF1E420D377}.Release|Any CPU.Build.0 = Release|Any CPU
		{EE32F73E-4906-4D77-98F8-FAE541611519}.Debug|Any CPU.ActiveCfg = Debug|Any CPU
		{EE32F73E-4906-4D77-98F8-FAE541611519}.Debug|Any CPU.Build.0 = Debug|Any CPU
		{EE32F73E-4906-4D77-98F8-FAE541611519}.Release|Any CPU.ActiveCfg = Release|Any CPU
		{EE32F73E-4906-4D77-98F8-FAE541611519}.Release|Any CPU.Build.0 = Release|Any CPU
	EndGlobalSection
	GlobalSection(SolutionProperties) = preSolution
		HideSolutionNode = FALSE
	EndGlobalSection
	GlobalSection(ExtensibilityGlobals) = postSolution
		SolutionGuid = {503CC400-0DCB-434E-B39D-D31467D7B024}
	EndGlobalSection
EndGlobal
