
Microsoft Visual Studio Solution File, Format Version 12.00
# Visual Studio Version 16
VisualStudioVersion = 16.0.31410.357
MinimumVisualStudioVersion = 10.0.40219.1
Project("{9A19103F-16F7-4668-BE54-9A1E7A4F7556}") = "SimpleMvc.Framework", "SimpleMvc.Framework\SimpleMvc.Framework.csproj", "{4797BF85-C400-43F1-8AD9-048D5E284CA9}"
EndProject
Project("{9A19103F-16F7-4668-BE54-9A1E7A4F7556}") = "SimpleMvc.App", "SimpleMvc.App\SimpleMvc.App.csproj", "{266FFE5F-9A1A-4A34-8B24-4F4B24DF3F19}"
EndProject
Project("{FAE04EC0-301F-11D3-BF4B-00C04F79EFBC}") = "WebServer", "WebServer\WebServer.csproj", "{F2ADD153-683F-43B0-9160-A6E613F5BCCE}"
EndProject
Global
	GlobalSection(SolutionConfigurationPlatforms) = preSolution
		Debug|Any CPU = Debug|Any CPU
		Release|Any CPU = Release|Any CPU
	EndGlobalSection
	GlobalSection(ProjectConfigurationPlatforms) = postSolution
		{4797BF85-C400-43F1-8AD9-048D5E284CA9}.Debug|Any CPU.ActiveCfg = Debug|Any CPU
		{4797BF85-C400-43F1-8AD9-048D5E284CA9}.Debug|Any CPU.Build.0 = Debug|Any CPU
		{4797BF85-C400-43F1-8AD9-048D5E284CA9}.Release|Any CPU.ActiveCfg = Release|Any CPU
		{4797BF85-C400-43F1-8AD9-048D5E284CA9}.Release|Any CPU.Build.0 = Release|Any CPU
		{266FFE5F-9A1A-4A34-8B24-4F4B24DF3F19}.Debug|Any CPU.ActiveCfg = Debug|Any CPU
		{266FFE5F-9A1A-4A34-8B24-4F4B24DF3F19}.Debug|Any CPU.Build.0 = Debug|Any CPU
		{266FFE5F-9A1A-4A34-8B24-4F4B24DF3F19}.Release|Any CPU.ActiveCfg = Release|Any CPU
		{266FFE5F-9A1A-4A34-8B24-4F4B24DF3F19}.Release|Any CPU.Build.0 = Release|Any CPU
		{F2ADD153-683F-43B0-9160-A6E613F5BCCE}.Debug|Any CPU.ActiveCfg = Debug|Any CPU
		{F2ADD153-683F-43B0-9160-A6E613F5BCCE}.Debug|Any CPU.Build.0 = Debug|Any CPU
		{F2ADD153-683F-43B0-9160-A6E613F5BCCE}.Release|Any CPU.ActiveCfg = Release|Any CPU
		{F2ADD153-683F-43B0-9160-A6E613F5BCCE}.Release|Any CPU.Build.0 = Release|Any CPU
	EndGlobalSection
	GlobalSection(SolutionProperties) = preSolution
		HideSolutionNode = FALSE
	EndGlobalSection
	GlobalSection(ExtensibilityGlobals) = postSolution
		SolutionGuid = {3ABA898C-743A-4BCB-94FE-871C34896B4B}
	EndGlobalSection
EndGlobal
